Microsoft Visual Studio Solution File, Format Version 12.00
# Visual Studio Version 17
VisualStudioVersion = 17.5.2.0
MinimumVisualStudioVersion = 10.0.40219.1
Project("{FAE04EC0-301F-11D3-BF4B-00C04F79EFBC}") = "gerenciadorViagens_windowsForm_csharp", "gerenciadorViagens_windowsForm_csharp.csproj", "{C7081778-C81B-1452-CF01-7BB188653C2C}"
EndProject
Global
	GlobalSection(SolutionConfigurationPlatforms) = preSolution
		Debug|Any CPU = Debug|Any CPU
		Release|Any CPU = Release|Any CPU
	EndGlobalSection
	GlobalSection(ProjectConfigurationPlatforms) = postSolution
		{C7081778-C81B-1452-CF01-7BB188653C2C}.Debug|Any CPU.ActiveCfg = Debug|Any CPU
		{C7081778-C81B-1452-CF01-7BB188653C2C}.Debug|Any CPU.Build.0 = Debug|Any CPU
		{C7081778-C81B-1452-CF01-7BB188653C2C}.Release|Any CPU.ActiveCfg = Release|Any CPU
		{C7081778-C81B-1452-CF01-7BB188653C2C}.Release|Any CPU.Build.0 = Release|Any CPU
	EndGlobalSection
	GlobalSection(SolutionProperties) = preSolution
		HideSolutionNode = FALSE
	EndGlobalSection
	GlobalSection(ExtensibilityGlobals) = postSolution
		SolutionGuid = {DC09198A-DCA6-4C37-85AD-94DD0CAB29CC}
	EndGlobalSection
EndGlobal
